
Microsoft Visual Studio Solution File, Format Version 12.00
# Visual Studio Version 16
VisualStudioVersion = 16.0.30804.86
MinimumVisualStudioVersion = 10.0.40219.1
Project("{FAE04EC0-301F-11D3-BF4B-00C04F79EFBC}") = "SecureDesk_WCF_Service", "SecureDesk_WCF_Service\SecureDesk_WCF_Service.csproj", "{574160EC-5F4D-4BA1-89D4-7858A9A3066B}"
EndProject
Global
	GlobalSection(SolutionConfigurationPlatforms) = preSolution
		Debug|Any CPU = Debug|Any CPU
		Release|Any CPU = Release|Any CPU
	EndGlobalSection
	GlobalSection(ProjectConfigurationPlatforms) = postSolution
		{574160EC-5F4D-4BA1-89D4-7858A9A3066B}.Debug|Any CPU.ActiveCfg = Debug|Any CPU
		{574160EC-5F4D-4BA1-89D4-7858A9A3066B}.Debug|Any CPU.Build.0 = Debug|Any CPU
		{574160EC-5F4D-4BA1-89D4-7858A9A3066B}.Release|Any CPU.ActiveCfg = Release|Any CPU
		{574160EC-5F4D-4BA1-89D4-7858A9A3066B}.Release|Any CPU.Build.0 = Release|Any CPU
	EndGlobalSection
	GlobalSection(SolutionProperties) = preSolution
		HideSolutionNode = FALSE
	EndGlobalSection
	GlobalSection(ExtensibilityGlobals) = postSolution
		SolutionGuid = {007E9F49-494C-419D-AD23-36C713EE4DCE}
	EndGlobalSection
EndGlobal
